
Microsoft Visual Studio Solution File, Format Version 12.00
# Visual Studio Version 16
VisualStudioVersion = 25.0.1706.10
MinimumVisualStudioVersion = 10.0.40219.1
Project("{FAE04EC0-301F-11D3-BF4B-00C04F79EFBC}") = "ClassBook", "ClassBook.csproj", "{3D972B43-11B1-4075-8F53-48C0FF4A0DE1}"
EndProject
Project("{FAE04EC0-301F-11D3-BF4B-00C04F79EFBC}") = "ClassBook.Tests", "..\ClassBook.Tests\ClassBook.Tests.csproj", "{BD7DAB66-95D1-404D-92D2-5EBA30B61ABF}"
EndProject
Global
	GlobalSection(SolutionConfigurationPlatforms) = preSolution
		Debug|Any CPU = Debug|Any CPU
		Release|Any CPU = Release|Any CPU
	EndGlobalSection
	GlobalSection(ProjectConfigurationPlatforms) = postSolution
		{3D972B43-11B1-4075-8F53-48C0FF4A0DE1}.Debug|Any CPU.ActiveCfg = Debug|Any CPU
		{3D972B43-11B1-4075-8F53-48C0FF4A0DE1}.Debug|Any CPU.Build.0 = Debug|Any CPU
		{3D972B43-11B1-4075-8F53-48C0FF4A0DE1}.Release|Any CPU.ActiveCfg = Release|Any CPU
		{3D972B43-11B1-4075-8F53-48C0FF4A0DE1}.Release|Any CPU.Build.0 = Release|Any CPU
		{BD7DAB66-95D1-404D-92D2-5EBA30B61ABF}.Debug|Any CPU.ActiveCfg = Debug|Any CPU
		{BD7DAB66-95D1-404D-92D2-5EBA30B61ABF}.Debug|Any CPU.Build.0 = Debug|Any CPU
		{BD7DAB66-95D1-404D-92D2-5EBA30B61ABF}.Release|Any CPU.ActiveCfg = Release|Any CPU
		{BD7DAB66-95D1-404D-92D2-5EBA30B61ABF}.Release|Any CPU.Build.0 = Release|Any CPU
	EndGlobalSection
	GlobalSection(SolutionProperties) = preSolution
		HideSolutionNode = FALSE
	EndGlobalSection
	GlobalSection(ExtensibilityGlobals) = postSolution
		SolutionGuid = {89B3F3B6-6920-4A4E-B750-FD39179F5FFD}
	EndGlobalSection
EndGlobal
